{
  "name": "Decompress_gzip",
  "lockfileVersion": 2,
  "requires": true,
  "packages": {
    "": {
      "dependencies": {
        "gunzip-file": "^0.1.1"
      }
    },
    "node_modules/gunzip-file": {
      "version": "0.1.1",
      "resolved": "https://registry.npmjs.org/gunzip-file/-/gunzip-file-0.1.1.tgz",
      "integrity": "sha1-KbOjzIpqWM5VOBK8CxPwoLs6XuI="
    }
  },
  "dependencies": {
    "gunzip-file": {
      "version": "0.1.1",
      "resolved": "https://registry.npmjs.org/gunzip-file/-/gunzip-file-0.1.1.tgz",
      "integrity": "sha1-KbOjzIpqWM5VOBK8CxPwoLs6XuI="
    }
  }
}
